
Microsoft Visual Studio Solution File, Format Version 12.00
# Visual Studio Version 17
VisualStudioVersion = 17.9.34607.119
MinimumVisualStudioVersion = 10.0.40219.1
Project("{FAE04EC0-301F-11D3-BF4B-00C04F79EFBC}") = "ExampleMofslConsoleApp", "ExampleMofslConsoleApp\ExampleMofslConsoleApp.csproj", "{D4D7C86C-EBB3-485D-AD82-7AE2B20D63F4}"
EndProject
Global
	GlobalSection(SolutionConfigurationPlatforms) = preSolution
		Debug|Any CPU = Debug|Any CPU
		Release|Any CPU = Release|Any CPU
	EndGlobalSection
	GlobalSection(ProjectConfigurationPlatforms) = postSolution
		{D4D7C86C-EBB3-485D-AD82-7AE2B20D63F4}.Debug|Any CPU.ActiveCfg = Debug|Any CPU
		{D4D7C86C-EBB3-485D-AD82-7AE2B20D63F4}.Debug|Any CPU.Build.0 = Debug|Any CPU
		{D4D7C86C-EBB3-485D-AD82-7AE2B20D63F4}.Release|Any CPU.ActiveCfg = Release|Any CPU
		{D4D7C86C-EBB3-485D-AD82-7AE2B20D63F4}.Release|Any CPU.Build.0 = Release|Any CPU
	EndGlobalSection
	GlobalSection(SolutionProperties) = preSolution
		HideSolutionNode = FALSE
	EndGlobalSection
	GlobalSection(ExtensibilityGlobals) = postSolution
		SolutionGuid = {E689112F-290E-4F9E-BE7A-2A0BDFE42133}
	EndGlobalSection
EndGlobal
