
Microsoft Visual Studio Solution File, Format Version 12.00
# Visual Studio Version 16
VisualStudioVersion = 16.0.32002.261
MinimumVisualStudioVersion = 10.0.40219.1
Project("{FAE04EC0-301F-11D3-BF4B-00C04F79EFBC}") = "TestMofslWebSocket", "TestMofslWebSocket\TestMofslWebSocket.csproj", "{B3F6EFBF-AA3E-4687-B2FC-361C94DDC76B}"
EndProject
Global
	GlobalSection(SolutionConfigurationPlatforms) = preSolution
		Debug|Any CPU = Debug|Any CPU
		Release|Any CPU = Release|Any CPU
	EndGlobalSection
	GlobalSection(ProjectConfigurationPlatforms) = postSolution
		{B3F6EFBF-AA3E-4687-B2FC-361C94DDC76B}.Debug|Any CPU.ActiveCfg = Debug|Any CPU
		{B3F6EFBF-AA3E-4687-B2FC-361C94DDC76B}.Debug|Any CPU.Build.0 = Debug|Any CPU
		{B3F6EFBF-AA3E-4687-B2FC-361C94DDC76B}.Release|Any CPU.ActiveCfg = Release|Any CPU
		{B3F6EFBF-AA3E-4687-B2FC-361C94DDC76B}.Release|Any CPU.Build.0 = Release|Any CPU
	EndGlobalSection
	GlobalSection(SolutionProperties) = preSolution
		HideSolutionNode = FALSE
	EndGlobalSection
	GlobalSection(ExtensibilityGlobals) = postSolution
		SolutionGuid = {0E4CF859-969E-4DE6-9549-E961701CB1F1}
	EndGlobalSection
EndGlobal
